PODS:
  - EmojiSelectorView (4.0.0)

DEPENDENCIES:
  - EmojiSelectorView (from `../`)

EXTERNAL SOURCES:
  EmojiSelectorView:
    :path: "../"

SPEC CHECKSUMS:
  EmojiSelectorView: 54edeb0646f45013d6ff79e68290e54769c61ac8

PODFILE CHECKSUM: 928697acf9e5ca535d0967349d8d6904545adc18

COCOAPODS: 1.8.4
